
Microsoft Visual Studio Solution File, Format Version 12.00
# Visual Studio Version 17
VisualStudioVersion = 17.5.33414.496
MinimumVisualStudioVersion = 10.0.40219.1
Project("{9A19103F-16F7-4668-BE54-9A1E7A4F7556}") = "DotNetTwitchBot", "DotNetTwitchBot\DotNetTwitchBot.csproj", "{AAE6EFEA-8861-4AAA-B8D3-20163977C51C}"
EndProject
Project("{9A19103F-16F7-4668-BE54-9A1E7A4F7556}") = "DotNetTwitchBot.Test", "DotNetTwitchBot.Test\DotNetTwitchBot.Test.csproj", "{01E5DBD1-FF3E-4C27-B47A-7485785AE23C}"
EndProject
Global
	GlobalSection(SolutionConfigurationPlatforms) = preSolution
		Debug|Any CPU = Debug|Any CPU
		Release|Any CPU = Release|Any CPU
	EndGlobalSection
	GlobalSection(ProjectConfigurationPlatforms) = postSolution
		{AAE6EFEA-8861-4AAA-B8D3-20163977C51C}.Debug|Any CPU.ActiveCfg = Debug|Any CPU
		{AAE6EFEA-8861-4AAA-B8D3-20163977C51C}.Debug|Any CPU.Build.0 = Debug|Any CPU
		{AAE6EFEA-8861-4AAA-B8D3-20163977C51C}.Release|Any CPU.ActiveCfg = Release|Any CPU
		{AAE6EFEA-8861-4AAA-B8D3-20163977C51C}.Release|Any CPU.Build.0 = Release|Any CPU
		{01E5DBD1-FF3E-4C27-B47A-7485785AE23C}.Debug|Any CPU.ActiveCfg = Debug|Any CPU
		{01E5DBD1-FF3E-4C27-B47A-7485785AE23C}.Debug|Any CPU.Build.0 = Debug|Any CPU
		{01E5DBD1-FF3E-4C27-B47A-7485785AE23C}.Release|Any CPU.ActiveCfg = Release|Any CPU
		{01E5DBD1-FF3E-4C27-B47A-7485785AE23C}.Release|Any CPU.Build.0 = Release|Any CPU
	EndGlobalSection
	GlobalSection(SolutionProperties) = preSolution
		HideSolutionNode = FALSE
	EndGlobalSection
	GlobalSection(ExtensibilityGlobals) = postSolution
		SolutionGuid = {C34E6695-DCB4-40D5-8F5A-858502A0BE64}
	EndGlobalSection
EndGlobal
