
Microsoft Visual Studio Solution File, Format Version 12.00
# Visual Studio Version 17
VisualStudioVersion = 17.5.33414.496
MinimumVisualStudioVersion = 10.0.40219.1
Project("{9A19103F-16F7-4668-BE54-9A1E7A4F7556}") = "DotNetTwitchBot", "DotNetTwitchBot\DotNetTwitchBot.csproj", "{AAE6EFEA-8861-4AAA-B8D3-20163977C51C}"
	ProjectSection(ProjectDependencies) = postProject
		{36F73488-DCD9-449C-8B31-B61056C159DA} = {36F73488-DCD9-449C-8B31-B61056C159DA}
	EndProjectSection
EndProject
Project("{9A19103F-16F7-4668-BE54-9A1E7A4F7556}") = "DotNetTwitchBot.Test", "DotNetTwitchBot.Test\DotNetTwitchBot.Test.csproj", "{01E5DBD1-FF3E-4C27-B47A-7485785AE23C}"
EndProject
Project("{2150E333-8FDC-42A3-9474-1A3956D46DE8}") = "Solution Items", "Solution Items", "{0AEF9993-D0A1-4E36-8D80-2ABC483C7CE0}"
	ProjectSection(SolutionItems) = preProject
		.editorconfig = .editorconfig
	EndProjectSection
EndProject
Project("{9A19103F-16F7-4668-BE54-9A1E7A4F7556}") = "DotNetTwitchBot.Core", "DotNetTwitchBot.Core\DotNetTwitchBot.Core.csproj", "{36F73488-DCD9-449C-8B31-B61056C159DA}"
EndProject
Project("{9A19103F-16F7-4668-BE54-9A1E7A4F7556}") = "DotNetTwitchBot.Twitch.EventSub", "DotNetTwitchBot.Twitch.EventSub\DotNetTwitchBot.Twitch.EventSub.csproj", "{38E729F3-47F2-4A8C-8541-F79EF387844A}"
EndProject
Project("{9A19103F-16F7-4668-BE54-9A1E7A4F7556}") = "TwitchLib.Api", "TwitchLib.Api\TwitchLib.Api\TwitchLib.Api.csproj", "{FD721507-9A75-4267-A4F4-06D1990F57B8}"
EndProject
Project("{9A19103F-16F7-4668-BE54-9A1E7A4F7556}") = "TwitchLib.Api.Core", "TwitchLib.Api\TwitchLib.Api.Core\TwitchLib.Api.Core.csproj", "{1D891B5F-CD3D-4325-968C-0134004CCE8E}"
EndProject
Project("{9A19103F-16F7-4668-BE54-9A1E7A4F7556}") = "TwitchLib.Api.Core.Enums", "TwitchLib.Api\TwitchLib.Api.Core.Enums\TwitchLib.Api.Core.Enums.csproj", "{47CB3027-E36C-452B-817B-35019D9968FA}"
EndProject
Project("{9A19103F-16F7-4668-BE54-9A1E7A4F7556}") = "TwitchLib.Api.Core.Interfaces", "TwitchLib.Api\TwitchLib.Api.Core.Interfaces\TwitchLib.Api.Core.Interfaces.csproj", "{A06B9C0E-B5F7-45CF-94DA-1BE09F67907F}"
EndProject
Project("{9A19103F-16F7-4668-BE54-9A1E7A4F7556}") = "TwitchLib.Api.Core.Models", "TwitchLib.Api\TwitchLib.Api.Core.Models\TwitchLib.Api.Core.Models.csproj", "{9624DD57-229D-45B7-B84B-E158C29828A0}"
EndProject
Project("{9A19103F-16F7-4668-BE54-9A1E7A4F7556}") = "TwitchLib.Api.Helix", "TwitchLib.Api\TwitchLib.Api.Helix\TwitchLib.Api.Helix.csproj", "{26227428-CC80-4A33-817B-80D2A21C832B}"
EndProject
Project("{9A19103F-16F7-4668-BE54-9A1E7A4F7556}") = "TwitchLib.Api.Helix.Models", "TwitchLib.Api\TwitchLib.Api.Helix.Models\TwitchLib.Api.Helix.Models.csproj", "{B3050E0D-C4B7-4F58-BA8F-B934DE603DEC}"
EndProject
Global
	GlobalSection(SolutionConfigurationPlatforms) = preSolution
		Debug|Any CPU = Debug|Any CPU
		Release|Any CPU = Release|Any CPU
	EndGlobalSection
	GlobalSection(ProjectConfigurationPlatforms) = postSolution
		{AAE6EFEA-8861-4AAA-B8D3-20163977C51C}.Debug|Any CPU.ActiveCfg = Debug|Any CPU
		{AAE6EFEA-8861-4AAA-B8D3-20163977C51C}.Debug|Any CPU.Build.0 = Debug|Any CPU
		{AAE6EFEA-8861-4AAA-B8D3-20163977C51C}.Release|Any CPU.ActiveCfg = Release|Any CPU
		{AAE6EFEA-8861-4AAA-B8D3-20163977C51C}.Release|Any CPU.Build.0 = Release|Any CPU
		{01E5DBD1-FF3E-4C27-B47A-7485785AE23C}.Debug|Any CPU.ActiveCfg = Debug|Any CPU
		{01E5DBD1-FF3E-4C27-B47A-7485785AE23C}.Debug|Any CPU.Build.0 = Debug|Any CPU
		{01E5DBD1-FF3E-4C27-B47A-7485785AE23C}.Release|Any CPU.ActiveCfg = Release|Any CPU
		{01E5DBD1-FF3E-4C27-B47A-7485785AE23C}.Release|Any CPU.Build.0 = Release|Any CPU
		{36F73488-DCD9-449C-8B31-B61056C159DA}.Debug|Any CPU.ActiveCfg = Debug|Any CPU
		{36F73488-DCD9-449C-8B31-B61056C159DA}.Debug|Any CPU.Build.0 = Debug|Any CPU
		{36F73488-DCD9-449C-8B31-B61056C159DA}.Release|Any CPU.ActiveCfg = Release|Any CPU
		{36F73488-DCD9-449C-8B31-B61056C159DA}.Release|Any CPU.Build.0 = Release|Any CPU
		{38E729F3-47F2-4A8C-8541-F79EF387844A}.Debug|Any CPU.ActiveCfg = Debug|Any CPU
		{38E729F3-47F2-4A8C-8541-F79EF387844A}.Debug|Any CPU.Build.0 = Debug|Any CPU
		{38E729F3-47F2-4A8C-8541-F79EF387844A}.Release|Any CPU.ActiveCfg = Release|Any CPU
		{38E729F3-47F2-4A8C-8541-F79EF387844A}.Release|Any CPU.Build.0 = Release|Any CPU
		{FD721507-9A75-4267-A4F4-06D1990F57B8}.Debug|Any CPU.ActiveCfg = Debug|Any CPU
		{FD721507-9A75-4267-A4F4-06D1990F57B8}.Debug|Any CPU.Build.0 = Debug|Any CPU
		{FD721507-9A75-4267-A4F4-06D1990F57B8}.Release|Any CPU.ActiveCfg = Release|Any CPU
		{FD721507-9A75-4267-A4F4-06D1990F57B8}.Release|Any CPU.Build.0 = Release|Any CPU
		{1D891B5F-CD3D-4325-968C-0134004CCE8E}.Debug|Any CPU.ActiveCfg = Debug|Any CPU
		{1D891B5F-CD3D-4325-968C-0134004CCE8E}.Debug|Any CPU.Build.0 = Debug|Any CPU
		{1D891B5F-CD3D-4325-968C-0134004CCE8E}.Release|Any CPU.ActiveCfg = Release|Any CPU
		{1D891B5F-CD3D-4325-968C-0134004CCE8E}.Release|Any CPU.Build.0 = Release|Any CPU
		{47CB3027-E36C-452B-817B-35019D9968FA}.Debug|Any CPU.ActiveCfg = Debug|Any CPU
		{47CB3027-E36C-452B-817B-35019D9968FA}.Debug|Any CPU.Build.0 = Debug|Any CPU
		{47CB3027-E36C-452B-817B-35019D9968FA}.Release|Any CPU.ActiveCfg = Release|Any CPU
		{47CB3027-E36C-452B-817B-35019D9968FA}.Release|Any CPU.Build.0 = Release|Any CPU
		{A06B9C0E-B5F7-45CF-94DA-1BE09F67907F}.Debug|Any CPU.ActiveCfg = Debug|Any CPU
		{A06B9C0E-B5F7-45CF-94DA-1BE09F67907F}.Debug|Any CPU.Build.0 = Debug|Any CPU
		{A06B9C0E-B5F7-45CF-94DA-1BE09F67907F}.Release|Any CPU.ActiveCfg = Release|Any CPU
		{A06B9C0E-B5F7-45CF-94DA-1BE09F67907F}.Release|Any CPU.Build.0 = Release|Any CPU
		{9624DD57-229D-45B7-B84B-E158C29828A0}.Debug|Any CPU.ActiveCfg = Debug|Any CPU
		{9624DD57-229D-45B7-B84B-E158C29828A0}.Debug|Any CPU.Build.0 = Debug|Any CPU
		{9624DD57-229D-45B7-B84B-E158C29828A0}.Release|Any CPU.ActiveCfg = Release|Any CPU
		{9624DD57-229D-45B7-B84B-E158C29828A0}.Release|Any CPU.Build.0 = Release|Any CPU
		{26227428-CC80-4A33-817B-80D2A21C832B}.Debug|Any CPU.ActiveCfg = Debug|Any CPU
		{26227428-CC80-4A33-817B-80D2A21C832B}.Debug|Any CPU.Build.0 = Debug|Any CPU
		{26227428-CC80-4A33-817B-80D2A21C832B}.Release|Any CPU.ActiveCfg = Release|Any CPU
		{26227428-CC80-4A33-817B-80D2A21C832B}.Release|Any CPU.Build.0 = Release|Any CPU
		{B3050E0D-C4B7-4F58-BA8F-B934DE603DEC}.Debug|Any CPU.ActiveCfg = Debug|Any CPU
		{B3050E0D-C4B7-4F58-BA8F-B934DE603DEC}.Debug|Any CPU.Build.0 = Debug|Any CPU
		{B3050E0D-C4B7-4F58-BA8F-B934DE603DEC}.Release|Any CPU.ActiveCfg = Release|Any CPU
		{B3050E0D-C4B7-4F58-BA8F-B934DE603DEC}.Release|Any CPU.Build.0 = Release|Any CPU
	EndGlobalSection
	GlobalSection(SolutionProperties) = preSolution
		HideSolutionNode = FALSE
	EndGlobalSection
	GlobalSection(ExtensibilityGlobals) = postSolution
		SolutionGuid = {C34E6695-DCB4-40D5-8F5A-858502A0BE64}
	EndGlobalSection
EndGlobal
