
Microsoft Visual Studio Solution File, Format Version 12.00
# Visual Studio Version 18
VisualStudioVersion = 18.2.11415.280
MinimumVisualStudioVersion = 10.0.40219.1
Project("{9A19103F-16F7-4668-BE54-9A1E7A4F7556}") = "PenguinTwitchBot", "PenguinTwitchBot\PenguinTwitchBot.csproj", "{AAE6EFEA-8861-4AAA-B8D3-20163977C51C}"
EndProject
Project("{9A19103F-16F7-4668-BE54-9A1E7A4F7556}") = "PenguinTwitchBot.Test", "PenguinTwitchBot.Test\PenguinTwitchBot.Test.csproj", "{01E5DBD1-FF3E-4C27-B47A-7485785AE23C}"
EndProject
Project("{2150E333-8FDC-42A3-9474-1A3956D46DE8}") = "Solution Items", "Solution Items", "{0AEF9993-D0A1-4E36-8D80-2ABC483C7CE0}"
	ProjectSection(SolutionItems) = preProject
		.editorconfig = .editorconfig
	EndProjectSection
EndProject
Project("{FAE04EC0-301F-11D3-BF4B-00C04F79EFBC}") = "TwitchLib.EventSub.Websockets", "TwitchLib.EventSub.Websockets\TwitchLib.EventSub.Websockets\TwitchLib.EventSub.Websockets.csproj", "{842D0F11-90CF-35F7-978C-606F4EEEE54D}"
EndProject
Project("{FAE04EC0-301F-11D3-BF4B-00C04F79EFBC}") = "TwitchLib.EventSub.Core", "TwitchLib.EventSub.Core\TwitchLib.EventSub.Core\TwitchLib.EventSub.Core.csproj", "{434DC76C-AF7D-8C6D-51E0-81E53D099B00}"
EndProject
Project("{FAE04EC0-301F-11D3-BF4B-00C04F79EFBC}") = "PenguinTwitchBot.Migrations.MariaDb", "PenguinTwitchBot.Migrations.MariaDb\PenguinTwitchBot.Migrations.MariaDb.csproj", "{F5C2DAD0-7C6A-4057-8316-A5D9AAD1A7D8}"
EndProject
Project("{FAE04EC0-301F-11D3-BF4B-00C04F79EFBC}") = "PenguinTwitchBot.Migrations.Postgres", "PenguinTwitchBot.Migrations.Postgres\PenguinTwitchBot.Migrations.Postgres.csproj", "{7F288457-4AB4-4531-8D4D-73526A0B1A2E}"
EndProject
Project("{FAE04EC0-301F-11D3-BF4B-00C04F79EFBC}") = "PenguinTwitchBot.Migrations.Sqlite", "PenguinTwitchBot.Migrations.Sqlite\PenguinTwitchBot.Migrations.Sqlite.csproj", "{58A7485A-A217-4A97-A021-38BCE1E82DD7}"
EndProject
Project("{FAE04EC0-301F-11D3-BF4B-00C04F79EFBC}") = "PenguinTwitchBot.Setup", "PenguinTwitchBot.Setup\PenguinTwitchBot.Setup.csproj", "{6F13E98B-32BD-415E-BBC5-9CA1944A0129}"
EndProject
Project("{FAE04EC0-301F-11D3-BF4B-00C04F79EFBC}") = "PenguinTwitchBot.TwitchApi", "PenguinTwitchBot.TwitchApi\PenguinTwitchBot.TwitchApi.csproj", "{B47EAD38-8A88-4909-BF59-EF840D95434E}"
EndProject
Project("{FAE04EC0-301F-11D3-BF4B-00C04F79EFBC}") = "PenguinTwitchBot.TwitchApi.Test", "PenguinTwitchBot.TwitchApi.Test\PenguinTwitchBot.TwitchApi.Test.csproj", "{5C4C6887-7098-454E-A372-B572DA86BDC4}"
EndProject
Global
	GlobalSection(SolutionConfigurationPlatforms) = preSolution
		Debug|Any CPU = Debug|Any CPU
		Debug|x64 = Debug|x64
		Debug|x86 = Debug|x86
		Release|Any CPU = Release|Any CPU
		Release|x64 = Release|x64
		Release|x86 = Release|x86
	EndGlobalSection
	GlobalSection(ProjectConfigurationPlatforms) = postSolution
		{AAE6EFEA-8861-4AAA-B8D3-20163977C51C}.Debug|Any CPU.ActiveCfg = Debug|Any CPU
		{AAE6EFEA-8861-4AAA-B8D3-20163977C51C}.Debug|Any CPU.Build.0 = Debug|Any CPU
		{AAE6EFEA-8861-4AAA-B8D3-20163977C51C}.Debug|x64.ActiveCfg = Debug|Any CPU
		{AAE6EFEA-8861-4AAA-B8D3-20163977C51C}.Debug|x64.Build.0 = Debug|Any CPU
		{AAE6EFEA-8861-4AAA-B8D3-20163977C51C}.Debug|x86.ActiveCfg = Debug|Any CPU
		{AAE6EFEA-8861-4AAA-B8D3-20163977C51C}.Debug|x86.Build.0 = Debug|Any CPU
		{AAE6EFEA-8861-4AAA-B8D3-20163977C51C}.Release|Any CPU.ActiveCfg = Release|Any CPU
		{AAE6EFEA-8861-4AAA-B8D3-20163977C51C}.Release|Any CPU.Build.0 = Release|Any CPU
		{AAE6EFEA-8861-4AAA-B8D3-20163977C51C}.Release|x64.ActiveCfg = Release|Any CPU
		{AAE6EFEA-8861-4AAA-B8D3-20163977C51C}.Release|x64.Build.0 = Release|Any CPU
		{AAE6EFEA-8861-4AAA-B8D3-20163977C51C}.Release|x86.ActiveCfg = Release|Any CPU
		{AAE6EFEA-8861-4AAA-B8D3-20163977C51C}.Release|x86.Build.0 = Release|Any CPU
		{01E5DBD1-FF3E-4C27-B47A-7485785AE23C}.Debug|Any CPU.ActiveCfg = Debug|Any CPU
		{01E5DBD1-FF3E-4C27-B47A-7485785AE23C}.Debug|Any CPU.Build.0 = Debug|Any CPU
		{01E5DBD1-FF3E-4C27-B47A-7485785AE23C}.Debug|x64.ActiveCfg = Debug|Any CPU
		{01E5DBD1-FF3E-4C27-B47A-7485785AE23C}.Debug|x64.Build.0 = Debug|Any CPU
		{01E5DBD1-FF3E-4C27-B47A-7485785AE23C}.Debug|x86.ActiveCfg = Debug|Any CPU
		{01E5DBD1-FF3E-4C27-B47A-7485785AE23C}.Debug|x86.Build.0 = Debug|Any CPU
		{01E5DBD1-FF3E-4C27-B47A-7485785AE23C}.Release|Any CPU.ActiveCfg = Release|Any CPU
		{01E5DBD1-FF3E-4C27-B47A-7485785AE23C}.Release|Any CPU.Build.0 = Release|Any CPU
		{01E5DBD1-FF3E-4C27-B47A-7485785AE23C}.Release|x64.ActiveCfg = Release|Any CPU
		{01E5DBD1-FF3E-4C27-B47A-7485785AE23C}.Release|x64.Build.0 = Release|Any CPU
		{01E5DBD1-FF3E-4C27-B47A-7485785AE23C}.Release|x86.ActiveCfg = Release|Any CPU
		{01E5DBD1-FF3E-4C27-B47A-7485785AE23C}.Release|x86.Build.0 = Release|Any CPU
		{842D0F11-90CF-35F7-978C-606F4EEEE54D}.Debug|Any CPU.ActiveCfg = Debug|Any CPU
		{842D0F11-90CF-35F7-978C-606F4EEEE54D}.Debug|Any CPU.Build.0 = Debug|Any CPU
		{842D0F11-90CF-35F7-978C-606F4EEEE54D}.Debug|x64.ActiveCfg = Debug|Any CPU
		{842D0F11-90CF-35F7-978C-606F4EEEE54D}.Debug|x64.Build.0 = Debug|Any CPU
		{842D0F11-90CF-35F7-978C-606F4EEEE54D}.Debug|x86.ActiveCfg = Debug|Any CPU
		{842D0F11-90CF-35F7-978C-606F4EEEE54D}.Debug|x86.Build.0 = Debug|Any CPU
		{842D0F11-90CF-35F7-978C-606F4EEEE54D}.Release|Any CPU.ActiveCfg = Release|Any CPU
		{842D0F11-90CF-35F7-978C-606F4EEEE54D}.Release|Any CPU.Build.0 = Release|Any CPU
		{842D0F11-90CF-35F7-978C-606F4EEEE54D}.Release|x64.ActiveCfg = Release|Any CPU
		{842D0F11-90CF-35F7-978C-606F4EEEE54D}.Release|x64.Build.0 = Release|Any CPU
		{842D0F11-90CF-35F7-978C-606F4EEEE54D}.Release|x86.ActiveCfg = Release|Any CPU
		{842D0F11-90CF-35F7-978C-606F4EEEE54D}.Release|x86.Build.0 = Release|Any CPU
		{434DC76C-AF7D-8C6D-51E0-81E53D099B00}.Debug|Any CPU.ActiveCfg = Debug|Any CPU
		{434DC76C-AF7D-8C6D-51E0-81E53D099B00}.Debug|Any CPU.Build.0 = Debug|Any CPU
		{434DC76C-AF7D-8C6D-51E0-81E53D099B00}.Debug|x64.ActiveCfg = Debug|Any CPU
		{434DC76C-AF7D-8C6D-51E0-81E53D099B00}.Debug|x64.Build.0 = Debug|Any CPU
		{434DC76C-AF7D-8C6D-51E0-81E53D099B00}.Debug|x86.ActiveCfg = Debug|Any CPU
		{434DC76C-AF7D-8C6D-51E0-81E53D099B00}.Debug|x86.Build.0 = Debug|Any CPU
		{434DC76C-AF7D-8C6D-51E0-81E53D099B00}.Release|Any CPU.ActiveCfg = Release|Any CPU
		{434DC76C-AF7D-8C6D-51E0-81E53D099B00}.Release|Any CPU.Build.0 = Release|Any CPU
		{434DC76C-AF7D-8C6D-51E0-81E53D099B00}.Release|x64.ActiveCfg = Release|Any CPU
		{434DC76C-AF7D-8C6D-51E0-81E53D099B00}.Release|x64.Build.0 = Release|Any CPU
		{434DC76C-AF7D-8C6D-51E0-81E53D099B00}.Release|x86.ActiveCfg = Release|Any CPU
		{434DC76C-AF7D-8C6D-51E0-81E53D099B00}.Release|x86.Build.0 = Release|Any CPU
		{F5C2DAD0-7C6A-4057-8316-A5D9AAD1A7D8}.Debug|Any CPU.ActiveCfg = Debug|Any CPU
		{F5C2DAD0-7C6A-4057-8316-A5D9AAD1A7D8}.Debug|Any CPU.Build.0 = Debug|Any CPU
		{F5C2DAD0-7C6A-4057-8316-A5D9AAD1A7D8}.Debug|x64.ActiveCfg = Debug|Any CPU
		{F5C2DAD0-7C6A-4057-8316-A5D9AAD1A7D8}.Debug|x64.Build.0 = Debug|Any CPU
		{F5C2DAD0-7C6A-4057-8316-A5D9AAD1A7D8}.Debug|x86.ActiveCfg = Debug|Any CPU
		{F5C2DAD0-7C6A-4057-8316-A5D9AAD1A7D8}.Debug|x86.Build.0 = Debug|Any CPU
		{F5C2DAD0-7C6A-4057-8316-A5D9AAD1A7D8}.Release|Any CPU.ActiveCfg = Release|Any CPU
		{F5C2DAD0-7C6A-4057-8316-A5D9AAD1A7D8}.Release|Any CPU.Build.0 = Release|Any CPU
		{F5C2DAD0-7C6A-4057-8316-A5D9AAD1A7D8}.Release|x64.ActiveCfg = Release|Any CPU
		{F5C2DAD0-7C6A-4057-8316-A5D9AAD1A7D8}.Release|x64.Build.0 = Release|Any CPU
		{F5C2DAD0-7C6A-4057-8316-A5D9AAD1A7D8}.Release|x86.ActiveCfg = Release|Any CPU
		{F5C2DAD0-7C6A-4057-8316-A5D9AAD1A7D8}.Release|x86.Build.0 = Release|Any CPU
		{7F288457-4AB4-4531-8D4D-73526A0B1A2E}.Debug|Any CPU.ActiveCfg = Debug|Any CPU
		{7F288457-4AB4-4531-8D4D-73526A0B1A2E}.Debug|Any CPU.Build.0 = Debug|Any CPU
		{7F288457-4AB4-4531-8D4D-73526A0B1A2E}.Debug|x64.ActiveCfg = Debug|Any CPU
		{7F288457-4AB4-4531-8D4D-73526A0B1A2E}.Debug|x64.Build.0 = Debug|Any CPU
		{7F288457-4AB4-4531-8D4D-73526A0B1A2E}.Debug|x86.ActiveCfg = Debug|Any CPU
		{7F288457-4AB4-4531-8D4D-73526A0B1A2E}.Debug|x86.Build.0 = Debug|Any CPU
		{7F288457-4AB4-4531-8D4D-73526A0B1A2E}.Release|Any CPU.ActiveCfg = Release|Any CPU
		{7F288457-4AB4-4531-8D4D-73526A0B1A2E}.Release|Any CPU.Build.0 = Release|Any CPU
		{7F288457-4AB4-4531-8D4D-73526A0B1A2E}.Release|x64.ActiveCfg = Release|Any CPU
		{7F288457-4AB4-4531-8D4D-73526A0B1A2E}.Release|x64.Build.0 = Release|Any CPU
		{7F288457-4AB4-4531-8D4D-73526A0B1A2E}.Release|x86.ActiveCfg = Release|Any CPU
		{7F288457-4AB4-4531-8D4D-73526A0B1A2E}.Release|x86.Build.0 = Release|Any CPU
		{58A7485A-A217-4A97-A021-38BCE1E82DD7}.Debug|Any CPU.ActiveCfg = Debug|Any CPU
		{58A7485A-A217-4A97-A021-38BCE1E82DD7}.Debug|Any CPU.Build.0 = Debug|Any CPU
		{58A7485A-A217-4A97-A021-38BCE1E82DD7}.Debug|x64.ActiveCfg = Debug|Any CPU
		{58A7485A-A217-4A97-A021-38BCE1E82DD7}.Debug|x64.Build.0 = Debug|Any CPU
		{58A7485A-A217-4A97-A021-38BCE1E82DD7}.Debug|x86.ActiveCfg = Debug|Any CPU
		{58A7485A-A217-4A97-A021-38BCE1E82DD7}.Debug|x86.Build.0 = Debug|Any CPU
		{58A7485A-A217-4A97-A021-38BCE1E82DD7}.Release|Any CPU.ActiveCfg = Release|Any CPU
		{58A7485A-A217-4A97-A021-38BCE1E82DD7}.Release|Any CPU.Build.0 = Release|Any CPU
		{58A7485A-A217-4A97-A021-38BCE1E82DD7}.Release|x64.ActiveCfg = Release|Any CPU
		{58A7485A-A217-4A97-A021-38BCE1E82DD7}.Release|x64.Build.0 = Release|Any CPU
		{58A7485A-A217-4A97-A021-38BCE1E82DD7}.Release|x86.ActiveCfg = Release|Any CPU
		{58A7485A-A217-4A97-A021-38BCE1E82DD7}.Release|x86.Build.0 = Release|Any CPU
		{6F13E98B-32BD-415E-BBC5-9CA1944A0129}.Debug|Any CPU.ActiveCfg = Debug|Any CPU
		{6F13E98B-32BD-415E-BBC5-9CA1944A0129}.Debug|Any CPU.Build.0 = Debug|Any CPU
		{6F13E98B-32BD-415E-BBC5-9CA1944A0129}.Debug|x64.ActiveCfg = Debug|Any CPU
		{6F13E98B-32BD-415E-BBC5-9CA1944A0129}.Debug|x64.Build.0 = Debug|Any CPU
		{6F13E98B-32BD-415E-BBC5-9CA1944A0129}.Debug|x86.ActiveCfg = Debug|Any CPU
		{6F13E98B-32BD-415E-BBC5-9CA1944A0129}.Debug|x86.Build.0 = Debug|Any CPU
		{6F13E98B-32BD-415E-BBC5-9CA1944A0129}.Release|Any CPU.ActiveCfg = Release|Any CPU
		{6F13E98B-32BD-415E-BBC5-9CA1944A0129}.Release|Any CPU.Build.0 = Release|Any CPU
		{6F13E98B-32BD-415E-BBC5-9CA1944A0129}.Release|x64.ActiveCfg = Release|Any CPU
		{6F13E98B-32BD-415E-BBC5-9CA1944A0129}.Release|x64.Build.0 = Release|Any CPU
		{6F13E98B-32BD-415E-BBC5-9CA1944A0129}.Release|x86.ActiveCfg = Release|Any CPU
		{6F13E98B-32BD-415E-BBC5-9CA1944A0129}.Release|x86.Build.0 = Release|Any CPU
		{B47EAD38-8A88-4909-BF59-EF840D95434E}.Debug|Any CPU.ActiveCfg = Debug|Any CPU
		{B47EAD38-8A88-4909-BF59-EF840D95434E}.Debug|Any CPU.Build.0 = Debug|Any CPU
		{B47EAD38-8A88-4909-BF59-EF840D95434E}.Debug|x64.ActiveCfg = Debug|Any CPU
		{B47EAD38-8A88-4909-BF59-EF840D95434E}.Debug|x64.Build.0 = Debug|Any CPU
		{B47EAD38-8A88-4909-BF59-EF840D95434E}.Debug|x86.ActiveCfg = Debug|Any CPU
		{B47EAD38-8A88-4909-BF59-EF840D95434E}.Debug|x86.Build.0 = Debug|Any CPU
		{B47EAD38-8A88-4909-BF59-EF840D95434E}.Release|Any CPU.ActiveCfg = Release|Any CPU
		{B47EAD38-8A88-4909-BF59-EF840D95434E}.Release|Any CPU.Build.0 = Release|Any CPU
		{B47EAD38-8A88-4909-BF59-EF840D95434E}.Release|x64.ActiveCfg = Release|Any CPU
		{B47EAD38-8A88-4909-BF59-EF840D95434E}.Release|x64.Build.0 = Release|Any CPU
		{B47EAD38-8A88-4909-BF59-EF840D95434E}.Release|x86.ActiveCfg = Release|Any CPU
		{B47EAD38-8A88-4909-BF59-EF840D95434E}.Release|x86.Build.0 = Release|Any CPU
		{5C4C6887-7098-454E-A372-B572DA86BDC4}.Debug|Any CPU.ActiveCfg = Debug|Any CPU
		{5C4C6887-7098-454E-A372-B572DA86BDC4}.Debug|Any CPU.Build.0 = Debug|Any CPU
		{5C4C6887-7098-454E-A372-B572DA86BDC4}.Debug|x64.ActiveCfg = Debug|Any CPU
		{5C4C6887-7098-454E-A372-B572DA86BDC4}.Debug|x64.Build.0 = Debug|Any CPU
		{5C4C6887-7098-454E-A372-B572DA86BDC4}.Debug|x86.ActiveCfg = Debug|Any CPU
		{5C4C6887-7098-454E-A372-B572DA86BDC4}.Debug|x86.Build.0 = Debug|Any CPU
		{5C4C6887-7098-454E-A372-B572DA86BDC4}.Release|Any CPU.ActiveCfg = Release|Any CPU
		{5C4C6887-7098-454E-A372-B572DA86BDC4}.Release|Any CPU.Build.0 = Release|Any CPU
		{5C4C6887-7098-454E-A372-B572DA86BDC4}.Release|x64.ActiveCfg = Release|Any CPU
		{5C4C6887-7098-454E-A372-B572DA86BDC4}.Release|x64.Build.0 = Release|Any CPU
		{5C4C6887-7098-454E-A372-B572DA86BDC4}.Release|x86.ActiveCfg = Release|Any CPU
		{5C4C6887-7098-454E-A372-B572DA86BDC4}.Release|x86.Build.0 = Release|Any CPU
	EndGlobalSection
	GlobalSection(SolutionProperties) = preSolution
		HideSolutionNode = FALSE
	EndGlobalSection
	GlobalSection(ExtensibilityGlobals) = postSolution
		SolutionGuid = {C34E6695-DCB4-40D5-8F5A-858502A0BE64}
	EndGlobalSection
EndGlobal
